// !$*UTF8*$!
{
	archiveVersion = 1;
	classes = {
	};
	objectVersion = 46;
	objects = {

/* Begin PBXBuildFile section */
		077573271F4302ED0071F34A /* RecipePappyAPI.swift in Sources */ = {isa = PBXBuildFile; fileRef = 077573261F4302ED0071F34A /* RecipePappyAPI.swift */; };
		07BFE9CB1F42F6AB00ED625C /* AppDelegate.swift in Sources */ = {isa = PBXBuildFile; fileRef = 07BFE9CA1F42F6AB00ED625C /* AppDelegate.swift */; };
		07BFE9CD1F42F6AB00ED625C /* SearchRecipeViewController.swift in Sources */ = {isa = PBXBuildFile; fileRef = 07BFE9CC1F42F6AB00ED625C /* SearchRecipeViewController.swift */; };
		07BFE9D01F42F6AB00ED625C /* Main.storyboard in Resources */ = {isa = PBXBuildFile; fileRef = 07BFE9CE1F42F6AB00ED625C /* Main.storyboard */; };
		07BFE9D21F42F6AB00ED625C /* Assets.xcassets in Resources */ = {isa = PBXBuildFile; fileRef = 07BFE9D11F42F6AB00ED625C /* Assets.xcassets */; };
		07BFE9D51F42F6AB00ED625C /* LaunchScreen.storyboard in Resources */ = {isa = PBXBuildFile; fileRef = 07BFE9D31F42F6AB00ED625C /* LaunchScreen.storyboard */; };
		9885CD0E191B967BA505FA03 /* Pods_RecipeFinder.framework in Frameworks */ = {isa = PBXBuildFile; fileRef = 0F6360853829DB2101A2A089 /* Pods_RecipeFinder.framework */; };
/* End PBXBuildFile section */

/* Begin PBXFileReference section */
		077573261F4302ED0071F34A /* RecipePappyAPI.swift */ = {isa = PBXFileReference; fileEncoding = 4; lastKnownFileType = sourcecode.swift; name = RecipePappyAPI.swift; path = "RecipePappy API/RecipePappyAPI.swift"; sourceTree = "<group>"; };
		07BFE9C71F42F6AB00ED625C /* RecipeFinder.app */ = {isa = PBXFileReference; explicitFileType = wrapper.application; includeInIndex = 0; path = RecipeFinder.app; sourceTree = BUILT_PRODUCTS_DIR; };
		07BFE9CA1F42F6AB00ED625C /* AppDelegate.swift */ = {isa = PBXFileReference; lastKnownFileType = sourcecode.swift; path = AppDelegate.swift; sourceTree = "<group>"; };
		07BFE9CC1F42F6AB00ED625C /* SearchRecipeViewController.swift */ = {isa = PBXFileReference; lastKnownFileType = sourcecode.swift; path = SearchRecipeViewController.swift; sourceTree = "<group>"; };
		07BFE9CF1F42F6AB00ED625C /* Base */ = {isa = PBXFileReference; lastKnownFileType = file.storyboard; name = Base; path = Base.lproj/Main.storyboard; sourceTree = "<group>"; };
		07BFE9D11F42F6AB00ED625C /* Assets.xcassets */ = {isa = PBXFileReference; lastKnownFileType = folder.assetcatalog; path = Assets.xcassets; sourceTree = "<group>"; };
		07BFE9D41F42F6AB00ED625C /* Base */ = {isa = PBXFileReference; lastKnownFileType = file.storyboard; name = Base; path = Base.lproj/LaunchScreen.storyboard; sourceTree = "<group>"; };
		07BFE9D61F42F6AB00ED625C /* Info.plist */ = {isa = PBXFileReference; lastKnownFileType = text.plist.xml; path = Info.plist; sourceTree = "<group>"; };
		0F6360853829DB2101A2A089 /* Pods_RecipeFinder.framework */ = {isa = PBXFileReference; explicitFileType = wrapper.framework; includeInIndex = 0; path = Pods_RecipeFinder.framework; sourceTree = BUILT_PRODUCTS_DIR; };
		4A50C4E07A33722B666C2B42 /* Pods-RecipeFinder.release.xcconfig */ = {isa = PBXFileReference; includeInIndex = 1; lastKnownFileType = text.xcconfig; name = "Pods-RecipeFinder.release.xcconfig"; path = "Pods/Target Support Files/Pods-RecipeFinder/Pods-RecipeFinder.release.xcconfig"; sourceTree = "<group>"; };
		60FEB337BC128CD911501C59 /* Pods-RecipeFinder.debug.xcconfig */ = {isa = PBXFileReference; includeInIndex = 1; lastKnownFileType = text.xcconfig; name = "Pods-RecipeFinder.debug.xcconfig"; path = "Pods/Target Support Files/Pods-RecipeFinder/Pods-RecipeFinder.debug.xcconfig"; sourceTree = "<group>"; };
/* End PBXFileReference section */

/* Begin PBXFrameworksBuildPhase section */
		07BFE9C41F42F6AB00ED625C /* Frameworks */ = {
			isa = PBXFrameworksBuildPhase;
			buildActionMask = 2147483647;
			files = (
				9885CD0E191B967BA505FA03 /* Pods_RecipeFinder.framework in Frameworks */,
			);
			runOnlyForDeploymentPostprocessing = 0;
		};
/* End PBXFrameworksBuildPhase section */

/* Begin PBXGroup section */
		077573231F4302700071F34A /* RecipePappy API */ = {
			isa = PBXGroup;
			children = (
				077573261F4302ED0071F34A /* RecipePappyAPI.swift */,
			);
			name = "RecipePappy API";
			sourceTree = "<group>";
		};
		07BFE9BE1F42F6AB00ED625C = {
			isa = PBXGroup;
			children = (
				07BFE9C91F42F6AB00ED625C /* RecipeFinder */,
				07BFE9C81F42F6AB00ED625C /* Products */,
				09492F80A09A910A539CF676 /* Pods */,
				40DBD2BDB252D352C14DFF9C /* Frameworks */,
			);
			sourceTree = "<group>";
		};
		07BFE9C81F42F6AB00ED625C /* Products */ = {
			isa = PBXGroup;
			children = (
				07BFE9C71F42F6AB00ED625C /* RecipeFinder.app */,
			);
			name = Products;
			sourceTree = "<group>";
		};
		07BFE9C91F42F6AB00ED625C /* RecipeFinder */ = {
			isa = PBXGroup;
			children = (
				077573231F4302700071F34A /* RecipePappy API */,
				07BFE9CA1F42F6AB00ED625C /* AppDelegate.swift */,
				07BFE9CC1F42F6AB00ED625C /* SearchRecipeViewController.swift */,
				07BFE9CE1F42F6AB00ED625C /* Main.storyboard */,
				07BFE9D11F42F6AB00ED625C /* Assets.xcassets */,
				07BFE9D31F42F6AB00ED625C /* LaunchScreen.storyboard */,
				07BFE9D61F42F6AB00ED625C /* Info.plist */,
			);
			path = RecipeFinder;
			sourceTree = "<group>";
		};
		09492F80A09A910A539CF676 /* Pods */ = {
			isa = PBXGroup;
			children = (
				60FEB337BC128CD911501C59 /* Pods-RecipeFinder.debug.xcconfig */,
				4A50C4E07A33722B666C2B42 /* Pods-RecipeFinder.release.xcconfig */,
			);
			name = Pods;
			sourceTree = "<group>";
		};
		40DBD2BDB252D352C14DFF9C /* Frameworks */ = {
			isa = PBXGroup;
			children = (
				0F6360853829DB2101A2A089 /* Pods_RecipeFinder.framework */,
			);
			name = Frameworks;
			sourceTree = "<group>";
		};
/* End PBXGroup section */

/* Begin PBXNativeTarget section */
		07BFE9C61F42F6AB00ED625C /* RecipeFinder */ = {
			isa = PBXNativeTarget;
			buildConfigurationList = 07BFE9D91F42F6AB00ED625C /* Build configuration list for PBXNativeTarget "RecipeFinder" */;
			buildPhases = (
				1D688380FBB45FD0B2A84C4F /* [CP] Check Pods Manifest.lock */,
				07BFE9C31F42F6AB00ED625C /* Sources */,
				07BFE9C41F42F6AB00ED625C /* Frameworks */,
				07BFE9C51F42F6AB00ED625C /* Resources */,
				509074C0CD01667A9DC4B0AA /* [CP] Embed Pods Frameworks */,
				9BFD5529BC667299F4DC6DD5 /* [CP] Copy Pods Resources */,
			);
			buildRules = (
			);
			dependencies = (
			);
			name = RecipeFinder;
			productName = RecipeFinder;
			productReference = 07BFE9C71F42F6AB00ED625C /* RecipeFinder.app */;
			productType = "com.apple.product-type.application";
		};
/* End PBXNativeTarget section */

/* Begin PBXProject section */
		07BFE9BF1F42F6AB00ED625C /* Project object */ = {
			isa = PBXProject;
			attributes = {
				LastSwiftUpdateCheck = 0830;
				LastUpgradeCheck = 0830;
				ORGANIZATIONNAME = sergey;
				TargetAttributes = {
					07BFE9C61F42F6AB00ED625C = {
						CreatedOnToolsVersion = 8.3.3;
						ProvisioningStyle = Automatic;
					};
				};
			};
			buildConfigurationList = 07BFE9C21F42F6AB00ED625C /* Build configuration list for PBXProject "RecipeFinder" */;
			compatibilityVersion = "Xcode 3.2";
			developmentRegion = English;
			hasScannedForEncodings = 0;
			knownRegions = (
				en,
				Base,
			);
			mainGroup = 07BFE9BE1F42F6AB00ED625C;
			productRefGroup = 07BFE9C81F42F6AB00ED625C /* Products */;
			projectDirPath = "";
			projectRoot = "";
			targets = (
				07BFE9C61F42F6AB00ED625C /* RecipeFinder */,
			);
		};
/* End PBXProject section */

/* Begin PBXResourcesBuildPhase section */
		07BFE9C51F42F6AB00ED625C /* Resources */ = {
			isa = PBXResourcesBuildPhase;
			buildActionMask = 2147483647;
			files = (
				07BFE9D51F42F6AB00ED625C /* LaunchScreen.storyboard in Resources */,
				07BFE9D21F42F6AB00ED625C /* Assets.xcassets in Resources */,
				07BFE9D01F42F6AB00ED625C /* Main.storyboard in Resources */,
			);
			runOnlyForDeploymentPostprocessing = 0;
		};
/* End PBXResourcesBuildPhase section */

/* Begin PBXShellScriptBuildPhase section */
		1D688380FBB45FD0B2A84C4F /* [CP] Check Pods Manifest.lock */ = {
			isa = PBXShellScriptBuildPhase;
			buildActionMask = 2147483647;
			files = (
			);
			inputPaths = (
			);
			name = "[CP] Check Pods Manifest.lock";
			outputPaths = (
			);
			runOnlyForDeploymentPostprocessing = 0;
			shellPath = /bin/sh;
			shellScript = "diff \"${PODS_PODFILE_DIR_PATH}/Podfile.lock\" \"${PODS_ROOT}/Manifest.lock\" > /dev/null\nif [ $? != 0 ] ; then\n    # print error to STDERR\n    echo \"error: The sandbox is not in sync with the Podfile.lock. Run 'pod install' or update your CocoaPods installation.\" >&2\n    exit 1\nfi\n";
			showEnvVarsInLog = 0;
		};
		509074C0CD01667A9DC4B0AA /* [CP] Embed Pods Frameworks */ = {
			isa = PBXShellScriptBuildPhase;
			buildActionMask = 2147483647;
			files = (
			);
			inputPaths = (
			);
			name = "[CP] Embed Pods Frameworks";
			outputPaths = (
			);
			runOnlyForDeploymentPostprocessing = 0;
			shellPath = /bin/sh;
			shellScript = "\"${SRCROOT}/Pods/Target Support Files/Pods-RecipeFinder/Pods-RecipeFinder-frameworks.sh\"\n";
			showEnvVarsInLog = 0;
		};
		9BFD5529BC667299F4DC6DD5 /* [CP] Copy Pods Resources */ = {
			isa = PBXShellScriptBuildPhase;
			buildActionMask = 2147483647;
			files = (
			);
			inputPaths = (
			);
			name = "[CP] Copy Pods Resources";
			outputPaths = (
			);
			runOnlyForDeploymentPostprocessing = 0;
			shellPath = /bin/sh;
			shellScript = "\"${SRCROOT}/Pods/Target Support Files/Pods-RecipeFinder/Pods-RecipeFinder-resources.sh\"\n";
			showEnvVarsInLog = 0;
		};
/* End PBXShellScriptBuildPhase section */

/* Begin PBXSourcesBuildPhase section */
		07BFE9C31F42F6AB00ED625C /* Sources */ = {
			isa = PBXSourcesBuildPhase;
			buildActionMask = 2147483647;
			files = (
				07BFE9CD1F42F6AB00ED625C /* SearchRecipeViewController.swift in Sources */,
				07BFE9CB1F42F6AB00ED625C /* AppDelegate.swift in Sources */,
				077573271F4302ED0071F34A /* RecipePappyAPI.swift in Sources */,
			);
			runOnlyForDeploymentPostprocessing = 0;
		};
/* End PBXSourcesBuildPhase section */

/* Begin PBXVariantGroup section */
		07BFE9CE1F42F6AB00ED625C /* Main.storyboard */ = {
			isa = PBXVariantGroup;
			children = (
				07BFE9CF1F42F6AB00ED625C /* Base */,
			);
			name = Main.storyboard;
			sourceTree = "<group>";
		};
		07BFE9D31F42F6AB00ED625C /* LaunchScreen.storyboard */ = {
			isa = PBXVariantGroup;
			children = (
				07BFE9D41F42F6AB00ED625C /* Base */,
			);
			name = LaunchScreen.storyboard;
			sourceTree = "<group>";
		};
/* End PBXVariantGroup section */

/* Begin XCBuildConfiguration section */
		07BFE9D71F42F6AB00ED625C /* Debug */ = {
			isa = XCBuildConfiguration;
			buildSettings = {
				ALWAYS_SEARCH_USER_PATHS = NO;
				CLANG_ANALYZER_NONNULL = YES;
				CLANG_ANALYZER_NUMBER_OBJECT_CONVERSION = YES_AGGRESSIVE;
				CLANG_CXX_LANGUAGE_STANDARD = "gnu++0x";
				CLANG_CXX_LIBRARY = "libc++";
				CLANG_ENABLE_MODULES = YES;
				CLANG_ENABLE_OBJC_ARC = YES;
				CLANG_WARN_BOOL_CONVERSION = YES;
				CLANG_WARN_CONSTANT_CONVERSION = YES;
				CLANG_WARN_DIRECT_OBJC_ISA_USAGE = YES_ERROR;
				CLANG_WARN_DOCUMENTATION_COMMENTS = YES;
				CLANG_WARN_EMPTY_BODY = YES;
				CLANG_WARN_ENUM_CONVERSION = YES;
				CLANG_WARN_INFINITE_RECURSION = YES;
				CLANG_WARN_INT_CONVERSION = YES;
				CLANG_WARN_OBJC_ROOT_CLASS = YES_ERROR;
				CLANG_WARN_SUSPICIOUS_MOVE = YES;
				CLANG_WARN_UNREACHABLE_CODE = YES;
				CLANG_WARN__DUPLICATE_METHOD_MATCH = YES;
				"CODE_SIGN_IDENTITY[sdk=iphoneos*]" = "iPhone Developer";
				COPY_PHASE_STRIP = NO;
				DEBUG_INFORMATION_FORMAT = dwarf;
				ENABLE_STRICT_OBJC_MSGSEND = YES;
				ENABLE_TESTABILITY = YES;
				GCC_C_LANGUAGE_STANDARD = gnu99;
				GCC_DYNAMIC_NO_PIC = NO;
				GCC_NO_COMMON_BLOCKS = YES;
				GCC_OPTIMIZATION_LEVEL = 0;
				GCC_PREPROCESSOR_DEFINITIONS = (
					"DEBUG=1",
					"$(inherited)",
				);
				GCC_WARN_64_TO_32_BIT_CONVERSION = YES;
				GCC_WARN_ABOUT_RETURN_TYPE = YES_ERROR;
				GCC_WARN_UNDECLARED_SELECTOR = YES;
				GCC_WARN_UNINITIALIZED_AUTOS = YES_AGGRESSIVE;
				GCC_WARN_UNUSED_FUNCTION = YES;
				GCC_WARN_UNUSED_VARIABLE = YES;
				IPHONEOS_DEPLOYMENT_TARGET = 10.3;
				MTL_ENABLE_DEBUG_INFO = YES;
				ONLY_ACTIVE_ARCH = YES;
				SDKROOT = iphoneos;
				SWIFT_ACTIVE_COMPILATION_CONDITIONS = DEBUG;
				SWIFT_OPTIMIZATION_LEVEL = "-Onone";
				TARGETED_DEVICE_FAMILY = "1,2";
			};
			name = Debug;
		};
		07BFE9D81F42F6AB00ED625C /* Release */ = {
			isa = XCBuildConfiguration;
			buildSettings = {
				ALWAYS_SEARCH_USER_PATHS = NO;
				CLANG_ANALYZER_NONNULL = YES;
				CLANG_ANALYZER_NUMBER_OBJECT_CONVERSION = YES_AGGRESSIVE;
				CLANG_CXX_LANGUAGE_STANDARD = "gnu++0x";
				CLANG_CXX_LIBRARY = "libc++";
				CLANG_ENABLE_MODULES = YES;
				CLANG_ENABLE_OBJC_ARC = YES;
				CLANG_WARN_BOOL_CONVERSION = YES;
				CLANG_WARN_CONSTANT_CONVERSION = YES;
				CLANG_WARN_DIRECT_OBJC_ISA_USAGE = YES_ERROR;
				CLANG_WARN_DOCUMENTATION_COMMENTS = YES;
				CLANG_WARN_EMPTY_BODY = YES;
				CLANG_WARN_ENUM_CONVERSION = YES;
				CLANG_WARN_INFINITE_RECURSION = YES;
				CLANG_WARN_INT_CONVERSION = YES;
				CLANG_WARN_OBJC_ROOT_CLASS = YES_ERROR;
				CLANG_WARN_SUSPICIOUS_MOVE = YES;
				CLANG_WARN_UNREACHABLE_CODE = YES;
				CLANG_WARN__DUPLICATE_METHOD_MATCH = YES;
				"CODE_SIGN_IDENTITY[sdk=iphoneos*]" = "iPhone Developer";
				COPY_PHASE_STRIP = NO;
				DEBUG_INFORMATION_FORMAT = "dwarf-with-dsym";
				ENABLE_NS_ASSERTIONS = NO;
				ENABLE_STRICT_OBJC_MSGSEND = YES;
				GCC_C_LANGUAGE_STANDARD = gnu99;
				GCC_NO_COMMON_BLOCKS = YES;
				GCC_WARN_64_TO_32_BIT_CONVERSION = YES;
				GCC_WARN_ABOUT_RETURN_TYPE = YES_ERROR;
				GCC_WARN_UNDECLARED_SELECTOR = YES;
				GCC_WARN_UNINITIALIZED_AUTOS = YES_AGGRESSIVE;
				GCC_WARN_UNUSED_FUNCTION = YES;
				GCC_WARN_UNUSED_VARIABLE = YES;
				IPHONEOS_DEPLOYMENT_TARGET = 10.3;
				MTL_ENABLE_DEBUG_INFO = NO;
				SDKROOT = iphoneos;
				SWIFT_OPTIMIZATION_LEVEL = "-Owholemodule";
				TARGETED_DEVICE_FAMILY = "1,2";
				VALIDATE_PRODUCT = YES;
			};
			name = Release;
		};
		07BFE9DA1F42F6AB00ED625C /* Debug */ = {
			isa = XCBuildConfiguration;
			baseConfigurationReference = 60FEB337BC128CD911501C59 /* Pods-RecipeFinder.debug.xcconfig */;
			buildSettings = {
				ASSETCATALOG_COMPILER_APPICON_NAME = AppIcon;
				INFOPLIST_FILE = RecipeFinder/Info.plist;
				LD_RUNPATH_SEARCH_PATHS = "$(inherited) @executable_path/Frameworks";
				PRODUCT_BUNDLE_IDENTIFIER = a.RecipeFinder;
				PRODUCT_NAME = "$(TARGET_NAME)";
				SWIFT_VERSION = 3.0;
			};
			name = Debug;
		};
		07BFE9DB1F42F6AB00ED625C /* Release */ = {
			isa = XCBuildConfiguration;
			baseConfigurationReference = 4A50C4E07A33722B666C2B42 /* Pods-RecipeFinder.release.xcconfig */;
			buildSettings = {
				ASSETCATALOG_COMPILER_APPICON_NAME = AppIcon;
				INFOPLIST_FILE = RecipeFinder/Info.plist;
				LD_RUNPATH_SEARCH_PATHS = "$(inherited) @executable_path/Frameworks";
				PRODUCT_BUNDLE_IDENTIFIER = a.RecipeFinder;
				PRODUCT_NAME = "$(TARGET_NAME)";
				SWIFT_VERSION = 3.0;
			};
			name = Release;
		};
/* End XCBuildConfiguration section */

/* Begin XCConfigurationList section */
		07BFE9C21F42F6AB00ED625C /* Build configuration list for PBXProject "RecipeFinder" */ = {
			isa = XCConfigurationList;
			buildConfigurations = (
				07BFE9D71F42F6AB00ED625C /* Debug */,
				07BFE9D81F42F6AB00ED625C /* Release */,
			);
			defaultConfigurationIsVisible = 0;
			defaultConfigurationName = Release;
		};
		07BFE9D91F42F6AB00ED625C /* Build configuration list for PBXNativeTarget "RecipeFinder" */ = {
			isa = XCConfigurationList;
			buildConfigurations = (
				07BFE9DA1F42F6AB00ED625C /* Debug */,
				07BFE9DB1F42F6AB00ED625C /* Release */,
			);
			defaultConfigurationIsVisible = 0;
			defaultConfigurationName = Release;
		};
/* End XCConfigurationList section */
	};
	rootObject = 07BFE9BF1F42F6AB00ED625C /* Project object */;
}
